
Microsoft Visual Studio Solution File, Format Version 12.00
# Visual Studio Version 16
VisualStudioVersion = 16.0.30907.101
MinimumVisualStudioVersion = 10.0.40219.1
Project("{FAE04EC0-301F-11D3-BF4B-00C04F79EFBC}") = "WheiChatServer", "WheiChatServer\WheiChatServer.csproj", "{6528B158-32A5-4D8D-90EE-84A20B84F719}"
EndProject
Global
	GlobalSection(SolutionConfigurationPlatforms) = preSolution
		Debug|Any CPU = Debug|Any CPU
		Release|Any CPU = Release|Any CPU
	EndGlobalSection
	GlobalSection(ProjectConfigurationPlatforms) = postSolution
		{6528B158-32A5-4D8D-90EE-84A20B84F719}.Debug|Any CPU.ActiveCfg = Debug|Any CPU
		{6528B158-32A5-4D8D-90EE-84A20B84F719}.Debug|Any CPU.Build.0 = Debug|Any CPU
		{6528B158-32A5-4D8D-90EE-84A20B84F719}.Release|Any CPU.ActiveCfg = Release|Any CPU
		{6528B158-32A5-4D8D-90EE-84A20B84F719}.Release|Any CPU.Build.0 = Release|Any CPU
	EndGlobalSection
	GlobalSection(SolutionProperties) = preSolution
		HideSolutionNode = FALSE
	EndGlobalSection
	GlobalSection(ExtensibilityGlobals) = postSolution
		SolutionGuid = {AA3F9787-A412-4979-9E3A-394428257C86}
	EndGlobalSection
EndGlobal
